
Microsoft Visual Studio Solution File, Format Version 12.00
# Visual Studio Version 17
VisualStudioVersion = 17.4.33103.184
MinimumVisualStudioVersion = 10.0.40219.1
Project("{9A19103F-16F7-4668-BE54-9A1E7A4F7556}") = "GPT-3-Encoder-Sharp-Demo", "GPT-3-Encoder-Sharp-Demo\GPT-3-Encoder-Sharp-Demo.csproj", "{4CD738E5-F808-44EE-90A4-32399ABBF16D}"
EndProject
Project("{FAE04EC0-301F-11D3-BF4B-00C04F79EFBC}") = "GPT-3-Encoder-Sharp", "GPT-3-Encoder-Sharp\GPT-3-Encoder-Sharp.csproj", "{1200D277-8185-4A4C-B356-AF7E90D2915C}"
EndProject
Global
	GlobalSection(SolutionConfigurationPlatforms) = preSolution
		Debug|Any CPU = Debug|Any CPU
		Release|Any CPU = Release|Any CPU
	EndGlobalSection
	GlobalSection(ProjectConfigurationPlatforms) = postSolution
		{4CD738E5-F808-44EE-90A4-32399ABBF16D}.Debug|Any CPU.ActiveCfg = Debug|Any CPU
		{4CD738E5-F808-44EE-90A4-32399ABBF16D}.Debug|Any CPU.Build.0 = Debug|Any CPU
		{4CD738E5-F808-44EE-90A4-32399ABBF16D}.Release|Any CPU.ActiveCfg = Release|Any CPU
		{4CD738E5-F808-44EE-90A4-32399ABBF16D}.Release|Any CPU.Build.0 = Release|Any CPU
		{1200D277-8185-4A4C-B356-AF7E90D2915C}.Debug|Any CPU.ActiveCfg = Debug|Any CPU
		{1200D277-8185-4A4C-B356-AF7E90D2915C}.Debug|Any CPU.Build.0 = Debug|Any CPU
		{1200D277-8185-4A4C-B356-AF7E90D2915C}.Release|Any CPU.ActiveCfg = Release|Any CPU
		{1200D277-8185-4A4C-B356-AF7E90D2915C}.Release|Any CPU.Build.0 = Release|Any CPU
	EndGlobalSection
	GlobalSection(SolutionProperties) = preSolution
		HideSolutionNode = FALSE
	EndGlobalSection
	GlobalSection(ExtensibilityGlobals) = postSolution
		SolutionGuid = {1AAEFC22-3A54-488C-9FAD-E141A085887D}
	EndGlobalSection
EndGlobal
